// !$*UTF8*$!
{
	archiveVersion = 1;
	classes = {
	};
	objectVersion = 46;
	objects = {

/* Begin PBXBuildFile section */
		4B38A73E1C1321FD0052876B /* PlaySoundsController.swift in Sources */ = {isa = PBXBuildFile; fileRef = 4B38A73D1C1321FD0052876B /* PlaySoundsController.swift */; };
		4B38A7441C1559FC0052876B /* RecordedAudio.swift in Sources */ = {isa = PBXBuildFile; fileRef = 4B38A7431C1559FC0052876B /* RecordedAudio.swift */; };
		4B50B0EF1C0D468F003C0473 /* AppDelegate.swift in Sources */ = {isa = PBXBuildFile; fileRef = 4B50B0EE1C0D468F003C0473 /* AppDelegate.swift */; };
		4B50B0F11C0D468F003C0473 /* RecordSoundsViewController.swift in Sources */ = {isa = PBXBuildFile; fileRef = 4B50B0F01C0D468F003C0473 /* RecordSoundsViewController.swift */; };
		4B50B0F41C0D468F003C0473 /* Main.storyboard in Resources */ = {isa = PBXBuildFile; fileRef = 4B50B0F21C0D468F003C0473 /* Main.storyboard */; };
		4B50B0F61C0D468F003C0473 /* Assets.xcassets in Resources */ = {isa = PBXBuildFile; fileRef = 4B50B0F51C0D468F003C0473 /* Assets.xcassets */; };
		4B50B0F91C0D468F003C0473 /* LaunchScreen.storyboard in Resources */ = {isa = PBXBuildFile; fileRef = 4B50B0F71C0D468F003C0473 /* LaunchScreen.storyboard */; };
		4B50B1041C0D468F003C0473 /* Pitch_PerfectTests.swift in Sources */ = {isa = PBXBuildFile; fileRef = 4B50B1031C0D468F003C0473 /* Pitch_PerfectTests.swift */; };
		4B50B10F1C0D468F003C0473 /* Pitch_PerfectUITests.swift in Sources */ = {isa = PBXBuildFile; fileRef = 4B50B10E1C0D468F003C0473 /* Pitch_PerfectUITests.swift */; };
/* End PBXBuildFile section */

/* Begin PBXContainerItemProxy section */
		4B50B1001C0D468F003C0473 /* PBXContainerItemProxy */ = {
			isa = PBXContainerItemProxy;
			containerPortal = 4B50B0E31C0D468E003C0473 /* Project object */;
			proxyType = 1;
			remoteGlobalIDString = 4B50B0EA1C0D468F003C0473;
			remoteInfo = "Pitch Perfect";
		};
		4B50B10B1C0D468F003C0473 /* PBXContainerItemProxy */ = {
			isa = PBXContainerItemProxy;
			containerPortal = 4B50B0E31C0D468E003C0473 /* Project object */;
			proxyType = 1;
			remoteGlobalIDString = 4B50B0EA1C0D468F003C0473;
			remoteInfo = "Pitch Perfect";
		};
/* End PBXContainerItemProxy section */

/* Begin PBXFileReference section */
		4B38A73D1C1321FD0052876B /* PlaySoundsController.swift */ = {isa = PBXFileReference; fileEncoding = 4; lastKnownFileType = sourcecode.swift; path = PlaySoundsController.swift; sourceTree = "<group>"; };
		4B38A7431C1559FC0052876B /* RecordedAudio.swift */ = {isa = PBXFileReference; fileEncoding = 4; lastKnownFileType = sourcecode.swift; name = RecordedAudio.swift; path = ../RecordedAudio.swift; sourceTree = "<group>"; };
		4B50B0EB1C0D468F003C0473 /* Pitch Perfect.app */ = {isa = PBXFileReference; explicitFileType = wrapper.application; includeInIndex = 0; path = "Pitch Perfect.app"; sourceTree = BUILT_PRODUCTS_DIR; };
		4B50B0EE1C0D468F003C0473 /* AppDelegate.swift */ = {isa = PBXFileReference; lastKnownFileType = sourcecode.swift; path = AppDelegate.swift; sourceTree = "<group>"; };
		4B50B0F01C0D468F003C0473 /* RecordSoundsViewController.swift */ = {isa = PBXFileReference; lastKnownFileType = sourcecode.swift; path = RecordSoundsViewController.swift; sourceTree = "<group>"; };
		4B50B0F31C0D468F003C0473 /* Base */ = {isa = PBXFileReference; lastKnownFileType = file.storyboard; name = Base; path = Base.lproj/Main.storyboard; sourceTree = "<group>"; };
		4B50B0F51C0D468F003C0473 /* Assets.xcassets */ = {isa = PBXFileReference; lastKnownFileType = folder.assetcatalog; path = Assets.xcassets; sourceTree = "<group>"; };
		4B50B0F81C0D468F003C0473 /* Base */ = {isa = PBXFileReference; lastKnownFileType = file.storyboard; name = Base; path = Base.lproj/LaunchScreen.storyboard; sourceTree = "<group>"; };
		4B50B0FA1C0D468F003C0473 /* Info.plist */ = {isa = PBXFileReference; lastKnownFileType = text.plist.xml; path = Info.plist; sourceTree = "<group>"; };
		4B50B0FF1C0D468F003C0473 /* Pitch PerfectTests.xctest */ = {isa = PBXFileReference; explicitFileType = wrapper.cfbundle; includeInIndex = 0; path = "Pitch PerfectTests.xctest"; sourceTree = BUILT_PRODUCTS_DIR; };
		4B50B1031C0D468F003C0473 /* Pitch_PerfectTests.swift */ = {isa = PBXFileReference; lastKnownFileType = sourcecode.swift; path = Pitch_PerfectTests.swift; sourceTree = "<group>"; };
		4B50B1051C0D468F003C0473 /* Info.plist */ = {isa = PBXFileReference; lastKnownFileType = text.plist.xml; path = Info.plist; sourceTree = "<group>"; };
		4B50B10A1C0D468F003C0473 /* Pitch PerfectUITests.xctest */ = {isa = PBXFileReference; explicitFileType = wrapper.cfbundle; includeInIndex = 0; path = "Pitch PerfectUITests.xctest"; sourceTree = BUILT_PRODUCTS_DIR; };
		4B50B10E1C0D468F003C0473 /* Pitch_PerfectUITests.swift */ = {isa = PBXFileReference; lastKnownFileType = sourcecode.swift; path = Pitch_PerfectUITests.swift; sourceTree = "<group>"; };
		4B50B1101C0D468F003C0473 /* Info.plist */ = {isa = PBXFileReference; lastKnownFileType = text.plist.xml; path = Info.plist; sourceTree = "<group>"; };
/* End PBXFileReference section */

/* Begin PBXFrameworksBuildPhase section */
		4B50B0E81C0D468F003C0473 /* Frameworks */ = {
			isa = PBXFrameworksBuildPhase;
			buildActionMask = 2147483647;
			files = (
			);
			runOnlyForDeploymentPostprocessing = 0;
		};
		4B50B0FC1C0D468F003C0473 /* Frameworks */ = {
			isa = PBXFrameworksBuildPhase;
			buildActionMask = 2147483647;
			files = (
			);
			runOnlyForDeploymentPostprocessing = 0;
		};
		4B50B1071C0D468F003C0473 /* Frameworks */ = {
			isa = PBXFrameworksBuildPhase;
			buildActionMask = 2147483647;
			files = (
			);
			runOnlyForDeploymentPostprocessing = 0;
		};
/* End PBXFrameworksBuildPhase section */

/* Begin PBXGroup section */
		4B50B0E21C0D468E003C0473 = {
			isa = PBXGroup;
			children = (
				4B50B0ED1C0D468F003C0473 /* Pitch Perfect */,
				4B50B1021C0D468F003C0473 /* Pitch PerfectTests */,
				4B50B10D1C0D468F003C0473 /* Pitch PerfectUITests */,
				4B50B0EC1C0D468F003C0473 /* Products */,
			);
			sourceTree = "<group>";
		};
		4B50B0EC1C0D468F003C0473 /* Products */ = {
			isa = PBXGroup;
			children = (
				4B50B0EB1C0D468F003C0473 /* Pitch Perfect.app */,
				4B50B0FF1C0D468F003C0473 /* Pitch PerfectTests.xctest */,
				4B50B10A1C0D468F003C0473 /* Pitch PerfectUITests.xctest */,
			);
			name = Products;
			sourceTree = "<group>";
		};
		4B50B0ED1C0D468F003C0473 /* Pitch Perfect */ = {
			isa = PBXGroup;
			children = (
				4B38A7431C1559FC0052876B /* RecordedAudio.swift */,
				4B50B0EE1C0D468F003C0473 /* AppDelegate.swift */,
				4B50B0F01C0D468F003C0473 /* RecordSoundsViewController.swift */,
				4B50B0F21C0D468F003C0473 /* Main.storyboard */,
				4B50B0F51C0D468F003C0473 /* Assets.xcassets */,
				4B50B0F71C0D468F003C0473 /* LaunchScreen.storyboard */,
				4B50B0FA1C0D468F003C0473 /* Info.plist */,
				4B38A73D1C1321FD0052876B /* PlaySoundsController.swift */,
			);
			path = "Pitch Perfect";
			sourceTree = "<group>";
		};
		4B50B1021C0D468F003C0473 /* Pitch PerfectTests */ = {
			isa = PBXGroup;
			children = (
				4B50B1031C0D468F003C0473 /* Pitch_PerfectTests.swift */,
				4B50B1051C0D468F003C0473 /* Info.plist */,
			);
			path = "Pitch PerfectTests";
			sourceTree = "<group>";
		};
		4B50B10D1C0D468F003C0473 /* Pitch PerfectUITests */ = {
			isa = PBXGroup;
			children = (
				4B50B10E1C0D468F003C0473 /* Pitch_PerfectUITests.swift */,
				4B50B1101C0D468F003C0473 /* Info.plist */,
			);
			path = "Pitch PerfectUITests";
			sourceTree = "<group>";
		};
/* End PBXGroup section */

/* Begin PBXNativeTarget section */
		4B50B0EA1C0D468F003C0473 /* Pitch Perfect */ = {
			isa = PBXNativeTarget;
			buildConfigurationList = 4B50B1131C0D468F003C0473 /* Build configuration list for PBXNativeTarget "Pitch Perfect" */;
			buildPhases = (
				4B50B0E71C0D468F003C0473 /* Sources */,
				4B50B0E81C0D468F003C0473 /* Frameworks */,
				4B50B0E91C0D468F003C0473 /* Resources */,
			);
			buildRules = (
			);
			dependencies = (
			);
			name = "Pitch Perfect";
			productName = "Pitch Perfect";
			productReference = 4B50B0EB1C0D468F003C0473 /* Pitch Perfect.app */;
			productType = "com.apple.product-type.application";
		};
		4B50B0FE1C0D468F003C0473 /* Pitch PerfectTests */ = {
			isa = PBXNativeTarget;
			buildConfigurationList = 4B50B1161C0D468F003C0473 /* Build configuration list for PBXNativeTarget "Pitch PerfectTests" */;
			buildPhases = (
				4B50B0FB1C0D468F003C0473 /* Sources */,
				4B50B0FC1C0D468F003C0473 /* Frameworks */,
				4B50B0FD1C0D468F003C0473 /* Resources */,
			);
			buildRules = (
			);
			dependencies = (
				4B50B1011C0D468F003C0473 /* PBXTargetDependency */,
			);
			name = "Pitch PerfectTests";
			productName = "Pitch PerfectTests";
			productReference = 4B50B0FF1C0D468F003C0473 /* Pitch PerfectTests.xctest */;
			productType = "com.apple.product-type.bundle.unit-test";
		};
		4B50B1091C0D468F003C0473 /* Pitch PerfectUITests */ = {
			isa = PBXNativeTarget;
			buildConfigurationList = 4B50B1191C0D468F003C0473 /* Build configuration list for PBXNativeTarget "Pitch PerfectUITests" */;
			buildPhases = (
				4B50B1061C0D468F003C0473 /* Sources */,
				4B50B1071C0D468F003C0473 /* Frameworks */,
				4B50B1081C0D468F003C0473 /* Resources */,
			);
			buildRules = (
			);
			dependencies = (
				4B50B10C1C0D468F003C0473 /* PBXTargetDependency */,
			);
			name = "Pitch PerfectUITests";
			productName = "Pitch PerfectUITests";
			productReference = 4B50B10A1C0D468F003C0473 /* Pitch PerfectUITests.xctest */;
			productType = "com.apple.product-type.bundle.ui-testing";
		};
/* End PBXNativeTarget section */

/* Begin PBXProject section */
		4B50B0E31C0D468E003C0473 /* Project object */ = {
			isa = PBXProject;
			attributes = {
				LastSwiftUpdateCheck = 0710;
				LastUpgradeCheck = 0710;
				ORGANIZATIONNAME = rasutech;
				TargetAttributes = {
					4B50B0EA1C0D468F003C0473 = {
						CreatedOnToolsVersion = 7.1;
					};
					4B50B0FE1C0D468F003C0473 = {
						CreatedOnToolsVersion = 7.1;
						TestTargetID = 4B50B0EA1C0D468F003C0473;
					};
					4B50B1091C0D468F003C0473 = {
						CreatedOnToolsVersion = 7.1;
						TestTargetID = 4B50B0EA1C0D468F003C0473;
					};
				};
			};
			buildConfigurationList = 4B50B0E61C0D468E003C0473 /* Build configuration list for PBXProject "Pitch Perfect" */;
			compatibilityVersion = "Xcode 3.2";
			developmentRegion = English;
			hasScannedForEncodings = 0;
			knownRegions = (
				en,
				Base,
			);
			mainGroup = 4B50B0E21C0D468E003C0473;
			productRefGroup = 4B50B0EC1C0D468F003C0473 /* Products */;
			projectDirPath = "";
			projectRoot = "";
			targets = (
				4B50B0EA1C0D468F003C0473 /* Pitch Perfect */,
				4B50B0FE1C0D468F003C0473 /* Pitch PerfectTests */,
				4B50B1091C0D468F003C0473 /* Pitch PerfectUITests */,
			);
		};
/* End PBXProject section */

/* Begin PBXResourcesBuildPhase section */
		4B50B0E91C0D468F003C0473 /* Resources */ = {
			isa = PBXResourcesBuildPhase;
			buildActionMask = 2147483647;
			files = (
				4B50B0F91C0D468F003C0473 /* LaunchScreen.storyboard in Resources */,
				4B50B0F61C0D468F003C0473 /* Assets.xcassets in Resources */,
				4B50B0F41C0D468F003C0473 /* Main.storyboard in Resources */,
			);
			runOnlyForDeploymentPostprocessing = 0;
		};
		4B50B0FD1C0D468F003C0473 /* Resources */ = {
			isa = PBXResourcesBuildPhase;
			buildActionMask = 2147483647;
			files = (
			);
			runOnlyForDeploymentPostprocessing = 0;
		};
		4B50B1081C0D468F003C0473 /* Resources */ = {
			isa = PBXResourcesBuildPhase;
			buildActionMask = 2147483647;
			files = (
			);
			runOnlyForDeploymentPostprocessing = 0;
		};
/* End PBXResourcesBuildPhase section */

/* Begin PBXSourcesBuildPhase section */
		4B50B0E71C0D468F003C0473 /* Sources */ = {
			isa = PBXSourcesBuildPhase;
			buildActionMask = 2147483647;
			files = (
				4B38A7441C1559FC0052876B /* RecordedAudio.swift in Sources */,
				4B50B0F11C0D468F003C0473 /* RecordSoundsViewController.swift in Sources */,
				4B50B0EF1C0D468F003C0473 /* AppDelegate.swift in Sources */,
				4B38A73E1C1321FD0052876B /* PlaySoundsController.swift in Sources */,
			);
			runOnlyForDeploymentPostprocessing = 0;
		};
		4B50B0FB1C0D468F003C0473 /* Sources */ = {
			isa = PBXSourcesBuildPhase;
			buildActionMask = 2147483647;
			files = (
				4B50B1041C0D468F003C0473 /* Pitch_PerfectTests.swift in Sources */,
			);
			runOnlyForDeploymentPostprocessing = 0;
		};
		4B50B1061C0D468F003C0473 /* Sources */ = {
			isa = PBXSourcesBuildPhase;
			buildActionMask = 2147483647;
			files = (
				4B50B10F1C0D468F003C0473 /* Pitch_PerfectUITests.swift in Sources */,
			);
			runOnlyForDeploymentPostprocessing = 0;
		};
/* End PBXSourcesBuildPhase section */

/* Begin PBXTargetDependency section */
		4B50B1011C0D468F003C0473 /* PBXTargetDependency */ = {
			isa = PBXTargetDependency;
			target = 4B50B0EA1C0D468F003C0473 /* Pitch Perfect */;
			targetProxy = 4B50B1001C0D468F003C0473 /* PBXContainerItemProxy */;
		};
		4B50B10C1C0D468F003C0473 /* PBXTargetDependency */ = {
			isa = PBXTargetDependency;
			target = 4B50B0EA1C0D468F003C0473 /* Pitch Perfect */;
			targetProxy = 4B50B10B1C0D468F003C0473 /* PBXContainerItemProxy */;
		};
/* End PBXTargetDependency section */

/* Begin PBXVariantGroup section */
		4B50B0F21C0D468F003C0473 /* Main.storyboard */ = {
			isa = PBXVariantGroup;
			children = (
				4B50B0F31C0D468F003C0473 /* Base */,
			);
			name = Main.storyboard;
			sourceTree = "<group>";
		};
		4B50B0F71C0D468F003C0473 /* LaunchScreen.storyboard */ = {
			isa = PBXVariantGroup;
			children = (
				4B50B0F81C0D468F003C0473 /* Base */,
			);
			name = LaunchScreen.storyboard;
			sourceTree = "<group>";
		};
/* End PBXVariantGroup section */

/* Begin XCBuildConfiguration section */
		4B50B1111C0D468F003C0473 /* Debug */ = {
			isa = XCBuildConfiguration;
			buildSettings = {
				ALWAYS_SEARCH_USER_PATHS = NO;
				CLANG_CXX_LANGUAGE_STANDARD = "gnu++0x";
				CLANG_CXX_LIBRARY = "libc++";
				CLANG_ENABLE_MODULES = YES;
				CLANG_ENABLE_OBJC_ARC = YES;
				CLANG_WARN_BOOL_CONVERSION = YES;
				CLANG_WARN_CONSTANT_CONVERSION = YES;
				CLANG_WARN_DIRECT_OBJC_ISA_USAGE = YES_ERROR;
				CLANG_WARN_EMPTY_BODY = YES;
				CLANG_WARN_ENUM_CONVERSION = YES;
				CLANG_WARN_INT_CONVERSION = YES;
				CLANG_WARN_OBJC_ROOT_CLASS = YES_ERROR;
				CLANG_WARN_UNREACHABLE_CODE = YES;
				CLANG_WARN__DUPLICATE_METHOD_MATCH = YES;
				"CODE_SIGN_IDENTITY[sdk=iphoneos*]" = "iPhone Developer";
				COPY_PHASE_STRIP = NO;
				DEBUG_INFORMATION_FORMAT = dwarf;
				ENABLE_STRICT_OBJC_MSGSEND = YES;
				ENABLE_TESTABILITY = YES;
				GCC_C_LANGUAGE_STANDARD = gnu99;
				GCC_DYNAMIC_NO_PIC = NO;
				GCC_NO_COMMON_BLOCKS = YES;
				GCC_OPTIMIZATION_LEVEL = 0;
				GCC_PREPROCESSOR_DEFINITIONS = (
					"DEBUG=1",
					"$(inherited)",
				);
				GCC_WARN_64_TO_32_BIT_CONVERSION = YES;
				GCC_WARN_ABOUT_RETURN_TYPE = YES_ERROR;
				GCC_WARN_UNDECLARED_SELECTOR = YES;
				GCC_WARN_UNINITIALIZED_AUTOS = YES_AGGRESSIVE;
				GCC_WARN_UNUSED_FUNCTION = YES;
				GCC_WARN_UNUSED_VARIABLE = YES;
				IPHONEOS_DEPLOYMENT_TARGET = 9.1;
				MTL_ENABLE_DEBUG_INFO = YES;
				ONLY_ACTIVE_ARCH = YES;
				SDKROOT = iphoneos;
				SWIFT_OPTIMIZATION_LEVEL = "-Onone";
			};
			name = Debug;
		};
		4B50B1121C0D468F003C0473 /* Release */ = {
			isa = XCBuildConfiguration;
			buildSettings = {
				ALWAYS_SEARCH_USER_PATHS = NO;
				CLANG_CXX_LANGUAGE_STANDARD = "gnu++0x";
				CLANG_CXX_LIBRARY = "libc++";
				CLANG_ENABLE_MODULES = YES;
				CLANG_ENABLE_OBJC_ARC = YES;
				CLANG_WARN_BOOL_CONVERSION = YES;
				CLANG_WARN_CONSTANT_CONVERSION = YES;
				CLANG_WARN_DIRECT_OBJC_ISA_USAGE = YES_ERROR;
				CLANG_WARN_EMPTY_BODY = YES;
				CLANG_WARN_ENUM_CONVERSION = YES;
				CLANG_WARN_INT_CONVERSION = YES;
				CLANG_WARN_OBJC_ROOT_CLASS = YES_ERROR;
				CLANG_WARN_UNREACHABLE_CODE = YES;
				CLANG_WARN__DUPLICATE_METHOD_MATCH = YES;
				"CODE_SIGN_IDENTITY[sdk=iphoneos*]" = "iPhone Developer";
				COPY_PHASE_STRIP = NO;
				DEBUG_INFORMATION_FORMAT = "dwarf-with-dsym";
				ENABLE_NS_ASSERTIONS = NO;
				ENABLE_STRICT_OBJC_MSGSEND = YES;
				GCC_C_LANGUAGE_STANDARD = gnu99;
				GCC_NO_COMMON_BLOCKS = YES;
				GCC_WARN_64_TO_32_BIT_CONVERSION = YES;
				GCC_WARN_ABOUT_RETURN_TYPE = YES_ERROR;
				GCC_WARN_UNDECLARED_SELECTOR = YES;
				GCC_WARN_UNINITIALIZED_AUTOS = YES_AGGRESSIVE;
				GCC_WARN_UNUSED_FUNCTION = YES;
				GCC_WARN_UNUSED_VARIABLE = YES;
				IPHONEOS_DEPLOYMENT_TARGET = 9.1;
				MTL_ENABLE_DEBUG_INFO = NO;
				SDKROOT = iphoneos;
				VALIDATE_PRODUCT = YES;
			};
			name = Release;
		};
		4B50B1141C0D468F003C0473 /* Debug */ = {
			isa = XCBuildConfiguration;
			buildSettings = {
				ASSETCATALOG_COMPILER_APPICON_NAME = AppIcon;
				INFOPLIST_FILE = "Pitch Perfect/Info.plist";
				IPHONEOS_DEPLOYMENT_TARGET = 9.1;
				LD_RUNPATH_SEARCH_PATHS = "$(inherited) @executable_path/Frameworks";
				PRODUCT_BUNDLE_IDENTIFIER = "com.rasuinfotech.Pitch-Perfect";
				PRODUCT_NAME = "$(TARGET_NAME)";
			};
			name = Debug;
		};
		4B50B1151C0D468F003C0473 /* Release */ = {
			isa = XCBuildConfiguration;
			buildSettings = {
				ASSETCATALOG_COMPILER_APPICON_NAME = AppIcon;
				INFOPLIST_FILE = "Pitch Perfect/Info.plist";
				IPHONEOS_DEPLOYMENT_TARGET = 9.1;
				LD_RUNPATH_SEARCH_PATHS = "$(inherited) @executable_path/Frameworks";
				PRODUCT_BUNDLE_IDENTIFIER = "com.rasuinfotech.Pitch-Perfect";
				PRODUCT_NAME = "$(TARGET_NAME)";
			};
			name = Release;
		};
		4B50B1171C0D468F003C0473 /* Debug */ = {
			isa = XCBuildConfiguration;
			buildSettings = {
				BUNDLE_LOADER = "$(TEST_HOST)";
				INFOPLIST_FILE = "Pitch PerfectTests/Info.plist";
				LD_RUNPATH_SEARCH_PATHS = "$(inherited) @executable_path/Frameworks @loader_path/Frameworks";
				PRODUCT_BUNDLE_IDENTIFIER = "com.rasuinfotech.Pitch-PerfectTests";
				PRODUCT_NAME = "$(TARGET_NAME)";
				TEST_HOST = "$(BUILT_PRODUCTS_DIR)/Pitch Perfect.app/Pitch Perfect";
			};
			name = Debug;
		};
		4B50B1181C0D468F003C0473 /* Release */ = {
			isa = XCBuildConfiguration;
			buildSettings = {
				BUNDLE_LOADER = "$(TEST_HOST)";
				INFOPLIST_FILE = "Pitch PerfectTests/Info.plist";
				LD_RUNPATH_SEARCH_PATHS = "$(inherited) @executable_path/Frameworks @loader_path/Frameworks";
				PRODUCT_BUNDLE_IDENTIFIER = "com.rasuinfotech.Pitch-PerfectTests";
				PRODUCT_NAME = "$(TARGET_NAME)";
				TEST_HOST = "$(BUILT_PRODUCTS_DIR)/Pitch Perfect.app/Pitch Perfect";
			};
			name = Release;
		};
		4B50B11A1C0D468F003C0473 /* Debug */ = {
			isa = XCBuildConfiguration;
			buildSettings = {
				INFOPLIST_FILE = "Pitch PerfectUITests/Info.plist";
				LD_RUNPATH_SEARCH_PATHS = "$(inherited) @executable_path/Frameworks @loader_path/Frameworks";
				PRODUCT_BUNDLE_IDENTIFIER = "com.rasuinfotech.Pitch-PerfectUITests";
				PRODUCT_NAME = "$(TARGET_NAME)";
				TEST_TARGET_NAME = "Pitch Perfect";
				USES_XCTRUNNER = YES;
			};
			name = Debug;
		};
		4B50B11B1C0D468F003C0473 /* Release */ = {
			isa = XCBuildConfiguration;
			buildSettings = {
				INFOPLIST_FILE = "Pitch PerfectUITests/Info.plist";
				LD_RUNPATH_SEARCH_PATHS = "$(inherited) @executable_path/Frameworks @loader_path/Frameworks";
				PRODUCT_BUNDLE_IDENTIFIER = "com.rasuinfotech.Pitch-PerfectUITests";
				PRODUCT_NAME = "$(TARGET_NAME)";
				TEST_TARGET_NAME = "Pitch Perfect";
				USES_XCTRUNNER = YES;
			};
			name = Release;
		};
/* End XCBuildConfiguration section */

/* Begin XCConfigurationList section */
		4B50B0E61C0D468E003C0473 /* Build configuration list for PBXProject "Pitch Perfect" */ = {
			isa = XCConfigurationList;
			buildConfigurations = (
				4B50B1111C0D468F003C0473 /* Debug */,
				4B50B1121C0D468F003C0473 /* Release */,
			);
			defaultConfigurationIsVisible = 0;
			defaultConfigurationName = Release;
		};
		4B50B1131C0D468F003C0473 /* Build configuration list for PBXNativeTarget "Pitch Perfect" */ = {
			isa = XCConfigurationList;
			buildConfigurations = (
				4B50B1141C0D468F003C0473 /* Debug */,
				4B50B1151C0D468F003C0473 /* Release */,
			);
			defaultConfigurationIsVisible = 0;
			defaultConfigurationName = Release;
		};
		4B50B1161C0D468F003C0473 /* Build configuration list for PBXNativeTarget "Pitch PerfectTests" */ = {
			isa = XCConfigurationList;
			buildConfigurations = (
				4B50B1171C0D468F003C0473 /* Debug */,
				4B50B1181C0D468F003C0473 /* Release */,
			);
			defaultConfigurationIsVisible = 0;
			defaultConfigurationName = Release;
		};
		4B50B1191C0D468F003C0473 /* Build configuration list for PBXNativeTarget "Pitch PerfectUITests" */ = {
			isa = XCConfigurationList;
			buildConfigurations = (
				4B50B11A1C0D468F003C0473 /* Debug */,
				4B50B11B1C0D468F003C0473 /* Release */,
			);
			defaultConfigurationIsVisible = 0;
			defaultConfigurationName = Release;
		};
/* End XCConfigurationList section */
	};
	rootObject = 4B50B0E31C0D468E003C0473 /* Project object */;
}
